
Microsoft Visual Studio Solution File, Format Version 12.00
# Visual Studio 14
VisualStudioVersion = 14.0.25420.1
MinimumVisualStudioVersion = 10.0.40219.1
Project("{2150E333-8FDC-42A3-9474-1A3956D46DE8}") = "System.Data", "System.Data", "{7B9B5B54-E575-42B3-AE62-B8D3FCB538A8}"
EndProject
Project("{FAE04EC0-301F-11D3-BF4B-00C04F79EFBC}") = "System.Data.Silverlight", "System.Data\Silverlight\System.Data.Silverlight.csproj", "{152D9FAB-D1FE-4175-9A58-542F2806932D}"
EndProject
Project("{FAE04EC0-301F-11D3-BF4B-00C04F79EFBC}") = "System.Data.WindowsStore", "System.Data\WindowsStore\System.Data.WindowsStore.csproj", "{3D8BA561-FEA8-402F-9CA0-AB753B58ED1E}"
EndProject
Project("{FAE04EC0-301F-11D3-BF4B-00C04F79EFBC}") = "System.Data.WindowsPhone", "System.Data\WindowsPhone\System.Data.WindowsPhone.csproj", "{3ABDF182-B92E-4192-8F53-785668689CE2}"
EndProject
Project("{FAE04EC0-301F-11D3-BF4B-00C04F79EFBC}") = "System.Data.Portable", "System.Data\Portable\System.Data.Portable.csproj", "{90989608-6214-4D7D-8875-76EAC15EBA4B}"
EndProject
Project("{2150E333-8FDC-42A3-9474-1A3956D46DE8}") = "System.Transactions", "System.Transactions", "{CFDC6D13-EA54-4D62-A64E-21CD9737F269}"
EndProject
Project("{FAE04EC0-301F-11D3-BF4B-00C04F79EFBC}") = "System.Transactions.Portable", "System.Transactions\Portable\System.Transactions.Portable.csproj", "{E706726A-A6B2-42F1-8502-C0F3AC04B0D5}"
EndProject
Project("{2150E333-8FDC-42A3-9474-1A3956D46DE8}") = "System.Data.Tests", "System.Data.Tests", "{80BBB2DE-7F69-4634-A251-84A7660EF9FE}"
EndProject
Project("{FAE04EC0-301F-11D3-BF4B-00C04F79EFBC}") = "System.Data.Tests.Silverlight", "System.Data.Tests\Silverlight\System.Data.Tests.Silverlight.csproj", "{A0966DE3-E5AE-440B-9DD8-3E55C72DA342}"
EndProject
Project("{FAE04EC0-301F-11D3-BF4B-00C04F79EFBC}") = "System.Data.Tests.WindowsStore", "System.Data.Tests\WindowsStore\System.Data.Tests.WindowsStore.csproj", "{82091DCD-47CE-4B21-8714-B84D81D39EE0}"
EndProject
Project("{FAE04EC0-301F-11D3-BF4B-00C04F79EFBC}") = "System.Data.Tests.WindowsPhone", "System.Data.Tests\WindowsPhone\System.Data.Tests.WindowsPhone.csproj", "{1622AA75-1502-4487-8FE3-81174C8C44DB}"
EndProject
Project("{2150E333-8FDC-42A3-9474-1A3956D46DE8}") = "System.Transactions.Tests", "System.Transactions.Tests", "{3D52E8BF-8A0A-4D23-8738-A027D5A3BD9B}"
EndProject
Project("{FAE04EC0-301F-11D3-BF4B-00C04F79EFBC}") = "System.Transactions.Tests.WindowsPhone", "System.Transactions.Tests\WindowsPhone\System.Transactions.Tests.WindowsPhone.csproj", "{62646F94-014C-4609-B155-F23E35E98F7D}"
EndProject
Project("{FAE04EC0-301F-11D3-BF4B-00C04F79EFBC}") = "System.Transactions.Tests.WindowsStore", "System.Transactions.Tests\WindowsStore\System.Transactions.Tests.WindowsStore.csproj", "{109FCFCB-7201-4681-B40D-C85AF99155A1}"
EndProject
Project("{FAE04EC0-301F-11D3-BF4B-00C04F79EFBC}") = "System.Transactions.Tests.Silverlight", "System.Transactions.Tests\Silverlight\System.Transactions.Tests.Silverlight.csproj", "{DF480FA8-3EB6-4CEB-A582-A3E1FF0B9BE1}"
EndProject
Project("{FAE04EC0-301F-11D3-BF4B-00C04F79EFBC}") = "System.Data.Desktop", "System.Data\Desktop\System.Data.Desktop.csproj", "{C524615F-3CC0-4BF2-896C-AFC76CA724DE}"
EndProject
Project("{FAE04EC0-301F-11D3-BF4B-00C04F79EFBC}") = "System.Data.Android", "System.Data\Android\System.Data.Android.csproj", "{58983C59-43B7-4E96-8878-D5C180E42226}"
EndProject
Project("{FAE04EC0-301F-11D3-BF4B-00C04F79EFBC}") = "System.Transactions.Desktop", "System.Transactions\Desktop\System.Transactions.Desktop.csproj", "{CA409DDA-3535-4CDA-93B1-FBFD6FB77F36}"
EndProject
Project("{FAE04EC0-301F-11D3-BF4B-00C04F79EFBC}") = "System.Transactions.Android", "System.Transactions\Android\System.Transactions.Android.csproj", "{3BC240EC-DD87-4BAC-8A2A-A0D9A015C5E2}"
EndProject
Project("{FAE04EC0-301F-11D3-BF4B-00C04F79EFBC}") = "System.Transactions.iOS", "System.Transactions\iOS\System.Transactions.iOS.csproj", "{690FC18F-D1A6-4FA3-B8CA-B5F93142F4AB}"
EndProject
Project("{FAE04EC0-301F-11D3-BF4B-00C04F79EFBC}") = "System.Data.iOS", "System.Data\iOS\System.Data.iOS.csproj", "{60E4BC24-DF60-4CA4-B898-9F32EE83BADE}"
EndProject
Project("{FAE04EC0-301F-11D3-BF4B-00C04F79EFBC}") = "System.Transactions.iOSUnified", "System.Transactions\iOSUnified\System.Transactions.iOSUnified.csproj", "{690FC18F-D1A6-4FA3-B8CA-B5F93142F4AF}"
EndProject
Project("{FAE04EC0-301F-11D3-BF4B-00C04F79EFBC}") = "System.Data.iOSUnified", "System.Data\iOSUnified\System.Data.iOSUnified.csproj", "{60E4BC24-DF60-4CA4-B898-9F32EE83BADF}"
EndProject
Project("{FAE04EC0-301F-11D3-BF4B-00C04F79EFBC}") = "System.Transactions.Mac", "System.Transactions\Mac\System.Transactions.Mac.csproj", "{690FC18F-D1A6-4FA3-B8CA-B5F93142F4A0}"
EndProject
Project("{FAE04EC0-301F-11D3-BF4B-00C04F79EFBC}") = "System.Data.Mac", "System.Data\Mac\System.Data.Mac.csproj", "{60E4BC24-DF60-4CA4-B898-9F32EE83BAD0}"
EndProject
Project("{FAE04EC0-301F-11D3-BF4B-00C04F79EFBC}") = "System.Transactions.MacUnified", "System.Transactions\MacUnified\System.Transactions.MacUnified.csproj", "{690FC18F-D1A6-4FA3-B8CA-B5F93142F400}"
EndProject
Project("{FAE04EC0-301F-11D3-BF4B-00C04F79EFBC}") = "System.Data.MacUnified", "System.Data\MacUnified\System.Data.MacUnified.csproj", "{60E4BC24-DF60-4CA4-B898-9F32EE83BA00}"
EndProject
Global
	GlobalSection(SolutionConfigurationPlatforms) = preSolution
		Debug|Any CPU = Debug|Any CPU
		Debug|ARM = Debug|ARM
		Debug|x86 = Debug|x86
		Release|Any CPU = Release|Any CPU
		Release|ARM = Release|ARM
		Release|x86 = Release|x86
	EndGlobalSection
	GlobalSection(ProjectConfigurationPlatforms) = postSolution
		{152D9FAB-D1FE-4175-9A58-542F2806932D}.Debug|Any CPU.ActiveCfg = Debug|Any CPU
		{152D9FAB-D1FE-4175-9A58-542F2806932D}.Debug|Any CPU.Build.0 = Debug|Any CPU
		{152D9FAB-D1FE-4175-9A58-542F2806932D}.Debug|ARM.ActiveCfg = Debug|Any CPU
		{152D9FAB-D1FE-4175-9A58-542F2806932D}.Debug|ARM.Build.0 = Debug|Any CPU
		{152D9FAB-D1FE-4175-9A58-542F2806932D}.Debug|x86.ActiveCfg = Debug|Any CPU
		{152D9FAB-D1FE-4175-9A58-542F2806932D}.Debug|x86.Build.0 = Debug|Any CPU
		{152D9FAB-D1FE-4175-9A58-542F2806932D}.Release|Any CPU.ActiveCfg = Release|Any CPU
		{152D9FAB-D1FE-4175-9A58-542F2806932D}.Release|Any CPU.Build.0 = Release|Any CPU
		{152D9FAB-D1FE-4175-9A58-542F2806932D}.Release|ARM.ActiveCfg = Release|Any CPU
		{152D9FAB-D1FE-4175-9A58-542F2806932D}.Release|x86.ActiveCfg = Release|Any CPU
		{3D8BA561-FEA8-402F-9CA0-AB753B58ED1E}.Debug|Any CPU.ActiveCfg = Debug|Any CPU
		{3D8BA561-FEA8-402F-9CA0-AB753B58ED1E}.Debug|Any CPU.Build.0 = Debug|Any CPU
		{3D8BA561-FEA8-402F-9CA0-AB753B58ED1E}.Debug|ARM.ActiveCfg = Debug|Any CPU
		{3D8BA561-FEA8-402F-9CA0-AB753B58ED1E}.Debug|ARM.Build.0 = Debug|Any CPU
		{3D8BA561-FEA8-402F-9CA0-AB753B58ED1E}.Debug|ARM.Deploy.0 = Debug|Any CPU
		{3D8BA561-FEA8-402F-9CA0-AB753B58ED1E}.Debug|x86.ActiveCfg = Debug|Any CPU
		{3D8BA561-FEA8-402F-9CA0-AB753B58ED1E}.Debug|x86.Build.0 = Debug|Any CPU
		{3D8BA561-FEA8-402F-9CA0-AB753B58ED1E}.Release|Any CPU.ActiveCfg = Release|Any CPU
		{3D8BA561-FEA8-402F-9CA0-AB753B58ED1E}.Release|Any CPU.Build.0 = Release|Any CPU
		{3D8BA561-FEA8-402F-9CA0-AB753B58ED1E}.Release|ARM.ActiveCfg = Release|Any CPU
		{3D8BA561-FEA8-402F-9CA0-AB753B58ED1E}.Release|ARM.Build.0 = Release|Any CPU
		{3D8BA561-FEA8-402F-9CA0-AB753B58ED1E}.Release|x86.ActiveCfg = Release|Any CPU
		{3D8BA561-FEA8-402F-9CA0-AB753B58ED1E}.Release|x86.Build.0 = Release|Any CPU
		{3ABDF182-B92E-4192-8F53-785668689CE2}.Debug|Any CPU.ActiveCfg = Debug|Any CPU
		{3ABDF182-B92E-4192-8F53-785668689CE2}.Debug|Any CPU.Build.0 = Debug|Any CPU
		{3ABDF182-B92E-4192-8F53-785668689CE2}.Debug|ARM.ActiveCfg = Debug|Any CPU
		{3ABDF182-B92E-4192-8F53-785668689CE2}.Debug|ARM.Build.0 = Debug|Any CPU
		{3ABDF182-B92E-4192-8F53-785668689CE2}.Debug|x86.ActiveCfg = Debug|Any CPU
		{3ABDF182-B92E-4192-8F53-785668689CE2}.Debug|x86.Build.0 = Debug|Any CPU
		{3ABDF182-B92E-4192-8F53-785668689CE2}.Release|Any CPU.ActiveCfg = Release|Any CPU
		{3ABDF182-B92E-4192-8F53-785668689CE2}.Release|Any CPU.Build.0 = Release|Any CPU
		{3ABDF182-B92E-4192-8F53-785668689CE2}.Release|ARM.ActiveCfg = Release|Any CPU
		{3ABDF182-B92E-4192-8F53-785668689CE2}.Release|ARM.Build.0 = Release|Any CPU
		{3ABDF182-B92E-4192-8F53-785668689CE2}.Release|x86.ActiveCfg = Release|Any CPU
		{3ABDF182-B92E-4192-8F53-785668689CE2}.Release|x86.Build.0 = Release|Any CPU
		{90989608-6214-4D7D-8875-76EAC15EBA4B}.Debug|Any CPU.ActiveCfg = Debug|Any CPU
		{90989608-6214-4D7D-8875-76EAC15EBA4B}.Debug|Any CPU.Build.0 = Debug|Any CPU
		{90989608-6214-4D7D-8875-76EAC15EBA4B}.Debug|ARM.ActiveCfg = Debug|Any CPU
		{90989608-6214-4D7D-8875-76EAC15EBA4B}.Debug|ARM.Build.0 = Debug|Any CPU
		{90989608-6214-4D7D-8875-76EAC15EBA4B}.Debug|x86.ActiveCfg = Debug|Any CPU
		{90989608-6214-4D7D-8875-76EAC15EBA4B}.Debug|x86.Build.0 = Debug|Any CPU
		{90989608-6214-4D7D-8875-76EAC15EBA4B}.Release|Any CPU.ActiveCfg = Release|Any CPU
		{90989608-6214-4D7D-8875-76EAC15EBA4B}.Release|Any CPU.Build.0 = Release|Any CPU
		{90989608-6214-4D7D-8875-76EAC15EBA4B}.Release|ARM.ActiveCfg = Release|Any CPU
		{90989608-6214-4D7D-8875-76EAC15EBA4B}.Release|ARM.Build.0 = Release|Any CPU
		{90989608-6214-4D7D-8875-76EAC15EBA4B}.Release|x86.ActiveCfg = Release|Any CPU
		{90989608-6214-4D7D-8875-76EAC15EBA4B}.Release|x86.Build.0 = Release|Any CPU
		{E706726A-A6B2-42F1-8502-C0F3AC04B0D5}.Debug|Any CPU.ActiveCfg = Debug|Any CPU
		{E706726A-A6B2-42F1-8502-C0F3AC04B0D5}.Debug|Any CPU.Build.0 = Debug|Any CPU
		{E706726A-A6B2-42F1-8502-C0F3AC04B0D5}.Debug|ARM.ActiveCfg = Debug|Any CPU
		{E706726A-A6B2-42F1-8502-C0F3AC04B0D5}.Debug|ARM.Build.0 = Debug|Any CPU
		{E706726A-A6B2-42F1-8502-C0F3AC04B0D5}.Debug|x86.ActiveCfg = Debug|Any CPU
		{E706726A-A6B2-42F1-8502-C0F3AC04B0D5}.Debug|x86.Build.0 = Debug|Any CPU
		{E706726A-A6B2-42F1-8502-C0F3AC04B0D5}.Release|Any CPU.ActiveCfg = Release|Any CPU
		{E706726A-A6B2-42F1-8502-C0F3AC04B0D5}.Release|Any CPU.Build.0 = Release|Any CPU
		{E706726A-A6B2-42F1-8502-C0F3AC04B0D5}.Release|ARM.ActiveCfg = Release|Any CPU
		{E706726A-A6B2-42F1-8502-C0F3AC04B0D5}.Release|ARM.Build.0 = Release|Any CPU
		{E706726A-A6B2-42F1-8502-C0F3AC04B0D5}.Release|x86.ActiveCfg = Release|Any CPU
		{E706726A-A6B2-42F1-8502-C0F3AC04B0D5}.Release|x86.Build.0 = Release|Any CPU
		{A0966DE3-E5AE-440B-9DD8-3E55C72DA342}.Debug|Any CPU.ActiveCfg = Debug|Any CPU
		{A0966DE3-E5AE-440B-9DD8-3E55C72DA342}.Debug|Any CPU.Build.0 = Debug|Any CPU
		{A0966DE3-E5AE-440B-9DD8-3E55C72DA342}.Debug|ARM.ActiveCfg = Debug|Any CPU
		{A0966DE3-E5AE-440B-9DD8-3E55C72DA342}.Debug|ARM.Build.0 = Debug|Any CPU
		{A0966DE3-E5AE-440B-9DD8-3E55C72DA342}.Debug|x86.ActiveCfg = Debug|Any CPU
		{A0966DE3-E5AE-440B-9DD8-3E55C72DA342}.Debug|x86.Build.0 = Debug|Any CPU
		{A0966DE3-E5AE-440B-9DD8-3E55C72DA342}.Release|Any CPU.ActiveCfg = Release|Any CPU
		{A0966DE3-E5AE-440B-9DD8-3E55C72DA342}.Release|Any CPU.Build.0 = Release|Any CPU
		{A0966DE3-E5AE-440B-9DD8-3E55C72DA342}.Release|ARM.ActiveCfg = Release|Any CPU
		{A0966DE3-E5AE-440B-9DD8-3E55C72DA342}.Release|x86.ActiveCfg = Release|Any CPU
		{82091DCD-47CE-4B21-8714-B84D81D39EE0}.Debug|Any CPU.ActiveCfg = Debug|x86
		{82091DCD-47CE-4B21-8714-B84D81D39EE0}.Debug|ARM.ActiveCfg = Debug|ARM
		{82091DCD-47CE-4B21-8714-B84D81D39EE0}.Debug|ARM.Build.0 = Debug|ARM
		{82091DCD-47CE-4B21-8714-B84D81D39EE0}.Debug|ARM.Deploy.0 = Debug|ARM
		{82091DCD-47CE-4B21-8714-B84D81D39EE0}.Debug|x86.ActiveCfg = Debug|x86
		{82091DCD-47CE-4B21-8714-B84D81D39EE0}.Debug|x86.Build.0 = Debug|x86
		{82091DCD-47CE-4B21-8714-B84D81D39EE0}.Debug|x86.Deploy.0 = Debug|x86
		{82091DCD-47CE-4B21-8714-B84D81D39EE0}.Release|Any CPU.ActiveCfg = Release|x86
		{82091DCD-47CE-4B21-8714-B84D81D39EE0}.Release|ARM.ActiveCfg = Release|ARM
		{82091DCD-47CE-4B21-8714-B84D81D39EE0}.Release|ARM.Build.0 = Release|ARM
		{82091DCD-47CE-4B21-8714-B84D81D39EE0}.Release|ARM.Deploy.0 = Release|ARM
		{82091DCD-47CE-4B21-8714-B84D81D39EE0}.Release|x86.ActiveCfg = Release|x86
		{82091DCD-47CE-4B21-8714-B84D81D39EE0}.Release|x86.Build.0 = Release|x86
		{82091DCD-47CE-4B21-8714-B84D81D39EE0}.Release|x86.Deploy.0 = Release|x86
		{1622AA75-1502-4487-8FE3-81174C8C44DB}.Debug|Any CPU.ActiveCfg = Debug|x86
		{1622AA75-1502-4487-8FE3-81174C8C44DB}.Debug|ARM.ActiveCfg = Debug|ARM
		{1622AA75-1502-4487-8FE3-81174C8C44DB}.Debug|ARM.Build.0 = Debug|ARM
		{1622AA75-1502-4487-8FE3-81174C8C44DB}.Debug|ARM.Deploy.0 = Debug|ARM
		{1622AA75-1502-4487-8FE3-81174C8C44DB}.Debug|x86.ActiveCfg = Debug|x86
		{1622AA75-1502-4487-8FE3-81174C8C44DB}.Debug|x86.Build.0 = Debug|x86
		{1622AA75-1502-4487-8FE3-81174C8C44DB}.Debug|x86.Deploy.0 = Debug|x86
		{1622AA75-1502-4487-8FE3-81174C8C44DB}.Release|Any CPU.ActiveCfg = Release|x86
		{1622AA75-1502-4487-8FE3-81174C8C44DB}.Release|ARM.ActiveCfg = Release|ARM
		{1622AA75-1502-4487-8FE3-81174C8C44DB}.Release|ARM.Build.0 = Release|ARM
		{1622AA75-1502-4487-8FE3-81174C8C44DB}.Release|ARM.Deploy.0 = Release|ARM
		{1622AA75-1502-4487-8FE3-81174C8C44DB}.Release|x86.ActiveCfg = Release|x86
		{1622AA75-1502-4487-8FE3-81174C8C44DB}.Release|x86.Build.0 = Release|x86
		{1622AA75-1502-4487-8FE3-81174C8C44DB}.Release|x86.Deploy.0 = Release|x86
		{62646F94-014C-4609-B155-F23E35E98F7D}.Debug|Any CPU.ActiveCfg = Debug|x86
		{62646F94-014C-4609-B155-F23E35E98F7D}.Debug|ARM.ActiveCfg = Debug|ARM
		{62646F94-014C-4609-B155-F23E35E98F7D}.Debug|ARM.Build.0 = Debug|ARM
		{62646F94-014C-4609-B155-F23E35E98F7D}.Debug|ARM.Deploy.0 = Debug|ARM
		{62646F94-014C-4609-B155-F23E35E98F7D}.Debug|x86.ActiveCfg = Debug|x86
		{62646F94-014C-4609-B155-F23E35E98F7D}.Debug|x86.Build.0 = Debug|x86
		{62646F94-014C-4609-B155-F23E35E98F7D}.Debug|x86.Deploy.0 = Debug|x86
		{62646F94-014C-4609-B155-F23E35E98F7D}.Release|Any CPU.ActiveCfg = Release|x86
		{62646F94-014C-4609-B155-F23E35E98F7D}.Release|ARM.ActiveCfg = Release|ARM
		{62646F94-014C-4609-B155-F23E35E98F7D}.Release|ARM.Build.0 = Release|ARM
		{62646F94-014C-4609-B155-F23E35E98F7D}.Release|ARM.Deploy.0 = Release|ARM
		{62646F94-014C-4609-B155-F23E35E98F7D}.Release|x86.ActiveCfg = Release|x86
		{62646F94-014C-4609-B155-F23E35E98F7D}.Release|x86.Build.0 = Release|x86
		{62646F94-014C-4609-B155-F23E35E98F7D}.Release|x86.Deploy.0 = Release|x86
		{109FCFCB-7201-4681-B40D-C85AF99155A1}.Debug|Any CPU.ActiveCfg = Debug|x86
		{109FCFCB-7201-4681-B40D-C85AF99155A1}.Debug|ARM.ActiveCfg = Debug|ARM
		{109FCFCB-7201-4681-B40D-C85AF99155A1}.Debug|ARM.Build.0 = Debug|ARM
		{109FCFCB-7201-4681-B40D-C85AF99155A1}.Debug|ARM.Deploy.0 = Debug|ARM
		{109FCFCB-7201-4681-B40D-C85AF99155A1}.Debug|x86.ActiveCfg = Debug|x86
		{109FCFCB-7201-4681-B40D-C85AF99155A1}.Debug|x86.Build.0 = Debug|x86
		{109FCFCB-7201-4681-B40D-C85AF99155A1}.Debug|x86.Deploy.0 = Debug|x86
		{109FCFCB-7201-4681-B40D-C85AF99155A1}.Release|Any CPU.ActiveCfg = Release|x86
		{109FCFCB-7201-4681-B40D-C85AF99155A1}.Release|ARM.ActiveCfg = Release|ARM
		{109FCFCB-7201-4681-B40D-C85AF99155A1}.Release|ARM.Build.0 = Release|ARM
		{109FCFCB-7201-4681-B40D-C85AF99155A1}.Release|ARM.Deploy.0 = Release|ARM
		{109FCFCB-7201-4681-B40D-C85AF99155A1}.Release|x86.ActiveCfg = Release|x86
		{109FCFCB-7201-4681-B40D-C85AF99155A1}.Release|x86.Build.0 = Release|x86
		{109FCFCB-7201-4681-B40D-C85AF99155A1}.Release|x86.Deploy.0 = Release|x86
		{DF480FA8-3EB6-4CEB-A582-A3E1FF0B9BE1}.Debug|Any CPU.ActiveCfg = Debug|Any CPU
		{DF480FA8-3EB6-4CEB-A582-A3E1FF0B9BE1}.Debug|Any CPU.Build.0 = Debug|Any CPU
		{DF480FA8-3EB6-4CEB-A582-A3E1FF0B9BE1}.Debug|ARM.ActiveCfg = Debug|Any CPU
		{DF480FA8-3EB6-4CEB-A582-A3E1FF0B9BE1}.Debug|ARM.Build.0 = Debug|Any CPU
		{DF480FA8-3EB6-4CEB-A582-A3E1FF0B9BE1}.Debug|x86.ActiveCfg = Debug|Any CPU
		{DF480FA8-3EB6-4CEB-A582-A3E1FF0B9BE1}.Debug|x86.Build.0 = Debug|Any CPU
		{DF480FA8-3EB6-4CEB-A582-A3E1FF0B9BE1}.Release|Any CPU.ActiveCfg = Release|Any CPU
		{DF480FA8-3EB6-4CEB-A582-A3E1FF0B9BE1}.Release|Any CPU.Build.0 = Release|Any CPU
		{DF480FA8-3EB6-4CEB-A582-A3E1FF0B9BE1}.Release|ARM.ActiveCfg = Release|Any CPU
		{DF480FA8-3EB6-4CEB-A582-A3E1FF0B9BE1}.Release|x86.ActiveCfg = Release|Any CPU
		{C524615F-3CC0-4BF2-896C-AFC76CA724DE}.Debug|Any CPU.ActiveCfg = Debug|Any CPU
		{C524615F-3CC0-4BF2-896C-AFC76CA724DE}.Debug|Any CPU.Build.0 = Debug|Any CPU
		{C524615F-3CC0-4BF2-896C-AFC76CA724DE}.Debug|ARM.ActiveCfg = Debug|Any CPU
		{C524615F-3CC0-4BF2-896C-AFC76CA724DE}.Debug|x86.ActiveCfg = Debug|Any CPU
		{C524615F-3CC0-4BF2-896C-AFC76CA724DE}.Release|Any CPU.ActiveCfg = Release|Any CPU
		{C524615F-3CC0-4BF2-896C-AFC76CA724DE}.Release|Any CPU.Build.0 = Release|Any CPU
		{C524615F-3CC0-4BF2-896C-AFC76CA724DE}.Release|ARM.ActiveCfg = Release|Any CPU
		{C524615F-3CC0-4BF2-896C-AFC76CA724DE}.Release|x86.ActiveCfg = Release|Any CPU
		{58983C59-43B7-4E96-8878-D5C180E42226}.Debug|Any CPU.ActiveCfg = Debug|Any CPU
		{58983C59-43B7-4E96-8878-D5C180E42226}.Debug|Any CPU.Build.0 = Debug|Any CPU
		{58983C59-43B7-4E96-8878-D5C180E42226}.Debug|ARM.ActiveCfg = Debug|Any CPU
		{58983C59-43B7-4E96-8878-D5C180E42226}.Debug|x86.ActiveCfg = Debug|Any CPU
		{58983C59-43B7-4E96-8878-D5C180E42226}.Release|Any CPU.ActiveCfg = Release|Any CPU
		{58983C59-43B7-4E96-8878-D5C180E42226}.Release|Any CPU.Build.0 = Release|Any CPU
		{58983C59-43B7-4E96-8878-D5C180E42226}.Release|ARM.ActiveCfg = Release|Any CPU
		{58983C59-43B7-4E96-8878-D5C180E42226}.Release|x86.ActiveCfg = Release|Any CPU
		{CA409DDA-3535-4CDA-93B1-FBFD6FB77F36}.Debug|Any CPU.ActiveCfg = Debug|Any CPU
		{CA409DDA-3535-4CDA-93B1-FBFD6FB77F36}.Debug|Any CPU.Build.0 = Debug|Any CPU
		{CA409DDA-3535-4CDA-93B1-FBFD6FB77F36}.Debug|ARM.ActiveCfg = Debug|Any CPU
		{CA409DDA-3535-4CDA-93B1-FBFD6FB77F36}.Debug|x86.ActiveCfg = Debug|Any CPU
		{CA409DDA-3535-4CDA-93B1-FBFD6FB77F36}.Release|Any CPU.ActiveCfg = Release|Any CPU
		{CA409DDA-3535-4CDA-93B1-FBFD6FB77F36}.Release|Any CPU.Build.0 = Release|Any CPU
		{CA409DDA-3535-4CDA-93B1-FBFD6FB77F36}.Release|ARM.ActiveCfg = Release|Any CPU
		{CA409DDA-3535-4CDA-93B1-FBFD6FB77F36}.Release|x86.ActiveCfg = Release|Any CPU
		{3BC240EC-DD87-4BAC-8A2A-A0D9A015C5E2}.Debug|Any CPU.ActiveCfg = Debug|Any CPU
		{3BC240EC-DD87-4BAC-8A2A-A0D9A015C5E2}.Debug|Any CPU.Build.0 = Debug|Any CPU
		{3BC240EC-DD87-4BAC-8A2A-A0D9A015C5E2}.Debug|ARM.ActiveCfg = Debug|Any CPU
		{3BC240EC-DD87-4BAC-8A2A-A0D9A015C5E2}.Debug|x86.ActiveCfg = Debug|Any CPU
		{3BC240EC-DD87-4BAC-8A2A-A0D9A015C5E2}.Release|Any CPU.ActiveCfg = Release|Any CPU
		{3BC240EC-DD87-4BAC-8A2A-A0D9A015C5E2}.Release|Any CPU.Build.0 = Release|Any CPU
		{3BC240EC-DD87-4BAC-8A2A-A0D9A015C5E2}.Release|ARM.ActiveCfg = Release|Any CPU
		{3BC240EC-DD87-4BAC-8A2A-A0D9A015C5E2}.Release|x86.ActiveCfg = Release|Any CPU
		{690FC18F-D1A6-4FA3-B8CA-B5F93142F4AB}.Debug|Any CPU.ActiveCfg = Debug|Any CPU
		{690FC18F-D1A6-4FA3-B8CA-B5F93142F4AB}.Debug|Any CPU.Build.0 = Debug|Any CPU
		{690FC18F-D1A6-4FA3-B8CA-B5F93142F4AB}.Debug|ARM.ActiveCfg = Debug|Any CPU
		{690FC18F-D1A6-4FA3-B8CA-B5F93142F4AB}.Debug|x86.ActiveCfg = Debug|Any CPU
		{690FC18F-D1A6-4FA3-B8CA-B5F93142F4AB}.Release|Any CPU.ActiveCfg = Release|Any CPU
		{690FC18F-D1A6-4FA3-B8CA-B5F93142F4AB}.Release|Any CPU.Build.0 = Release|Any CPU
		{690FC18F-D1A6-4FA3-B8CA-B5F93142F4AB}.Release|ARM.ActiveCfg = Release|Any CPU
		{690FC18F-D1A6-4FA3-B8CA-B5F93142F4AB}.Release|x86.ActiveCfg = Release|Any CPU
		{60E4BC24-DF60-4CA4-B898-9F32EE83BADE}.Debug|Any CPU.ActiveCfg = Debug|Any CPU
		{60E4BC24-DF60-4CA4-B898-9F32EE83BADE}.Debug|Any CPU.Build.0 = Debug|Any CPU
		{60E4BC24-DF60-4CA4-B898-9F32EE83BADE}.Debug|ARM.ActiveCfg = Debug|Any CPU
		{60E4BC24-DF60-4CA4-B898-9F32EE83BADE}.Debug|x86.ActiveCfg = Debug|Any CPU
		{60E4BC24-DF60-4CA4-B898-9F32EE83BADE}.Release|Any CPU.ActiveCfg = Release|Any CPU
		{60E4BC24-DF60-4CA4-B898-9F32EE83BADE}.Release|Any CPU.Build.0 = Release|Any CPU
		{60E4BC24-DF60-4CA4-B898-9F32EE83BADE}.Release|ARM.ActiveCfg = Release|Any CPU
		{60E4BC24-DF60-4CA4-B898-9F32EE83BADE}.Release|x86.ActiveCfg = Release|Any CPU
		{690FC18F-D1A6-4FA3-B8CA-B5F93142F4AF}.Debug|Any CPU.ActiveCfg = Debug|Any CPU
		{690FC18F-D1A6-4FA3-B8CA-B5F93142F4AF}.Debug|Any CPU.Build.0 = Debug|Any CPU
		{690FC18F-D1A6-4FA3-B8CA-B5F93142F4AF}.Debug|ARM.ActiveCfg = Debug|Any CPU
		{690FC18F-D1A6-4FA3-B8CA-B5F93142F4AF}.Debug|x86.ActiveCfg = Debug|Any CPU
		{690FC18F-D1A6-4FA3-B8CA-B5F93142F4AF}.Release|Any CPU.ActiveCfg = Release|Any CPU
		{690FC18F-D1A6-4FA3-B8CA-B5F93142F4AF}.Release|Any CPU.Build.0 = Release|Any CPU
		{690FC18F-D1A6-4FA3-B8CA-B5F93142F4AF}.Release|ARM.ActiveCfg = Release|Any CPU
		{690FC18F-D1A6-4FA3-B8CA-B5F93142F4AF}.Release|x86.ActiveCfg = Release|Any CPU
		{60E4BC24-DF60-4CA4-B898-9F32EE83BADF}.Debug|Any CPU.ActiveCfg = Debug|Any CPU
		{60E4BC24-DF60-4CA4-B898-9F32EE83BADF}.Debug|Any CPU.Build.0 = Debug|Any CPU
		{60E4BC24-DF60-4CA4-B898-9F32EE83BADF}.Debug|ARM.ActiveCfg = Debug|Any CPU
		{60E4BC24-DF60-4CA4-B898-9F32EE83BADF}.Debug|x86.ActiveCfg = Debug|Any CPU
		{60E4BC24-DF60-4CA4-B898-9F32EE83BADF}.Release|Any CPU.ActiveCfg = Release|Any CPU
		{60E4BC24-DF60-4CA4-B898-9F32EE83BADF}.Release|Any CPU.Build.0 = Release|Any CPU
		{60E4BC24-DF60-4CA4-B898-9F32EE83BADF}.Release|ARM.ActiveCfg = Release|Any CPU
		{60E4BC24-DF60-4CA4-B898-9F32EE83BADF}.Release|x86.ActiveCfg = Release|Any CPU
		{690FC18F-D1A6-4FA3-B8CA-B5F93142F4A0}.Debug|Any CPU.ActiveCfg = Debug|Any CPU
		{690FC18F-D1A6-4FA3-B8CA-B5F93142F4A0}.Debug|Any CPU.Build.0 = Debug|Any CPU
		{690FC18F-D1A6-4FA3-B8CA-B5F93142F4A0}.Debug|ARM.ActiveCfg = Debug|Any CPU
		{690FC18F-D1A6-4FA3-B8CA-B5F93142F4A0}.Debug|x86.ActiveCfg = Debug|Any CPU
		{690FC18F-D1A6-4FA3-B8CA-B5F93142F4A0}.Release|Any CPU.ActiveCfg = Release|Any CPU
		{690FC18F-D1A6-4FA3-B8CA-B5F93142F4A0}.Release|Any CPU.Build.0 = Release|Any CPU
		{690FC18F-D1A6-4FA3-B8CA-B5F93142F4A0}.Release|ARM.ActiveCfg = Release|Any CPU
		{690FC18F-D1A6-4FA3-B8CA-B5F93142F4A0}.Release|x86.ActiveCfg = Release|Any CPU
		{60E4BC24-DF60-4CA4-B898-9F32EE83BAD0}.Debug|Any CPU.ActiveCfg = Debug|Any CPU
		{60E4BC24-DF60-4CA4-B898-9F32EE83BAD0}.Debug|Any CPU.Build.0 = Debug|Any CPU
		{60E4BC24-DF60-4CA4-B898-9F32EE83BAD0}.Debug|ARM.ActiveCfg = Debug|Any CPU
		{60E4BC24-DF60-4CA4-B898-9F32EE83BAD0}.Debug|x86.ActiveCfg = Debug|Any CPU
		{60E4BC24-DF60-4CA4-B898-9F32EE83BAD0}.Release|Any CPU.ActiveCfg = Release|Any CPU
		{60E4BC24-DF60-4CA4-B898-9F32EE83BAD0}.Release|Any CPU.Build.0 = Release|Any CPU
		{60E4BC24-DF60-4CA4-B898-9F32EE83BAD0}.Release|ARM.ActiveCfg = Release|Any CPU
		{60E4BC24-DF60-4CA4-B898-9F32EE83BAD0}.Release|x86.ActiveCfg = Release|Any CPU
		{690FC18F-D1A6-4FA3-B8CA-B5F93142F400}.Debug|Any CPU.ActiveCfg = Debug|Any CPU
		{690FC18F-D1A6-4FA3-B8CA-B5F93142F400}.Debug|Any CPU.Build.0 = Debug|Any CPU
		{690FC18F-D1A6-4FA3-B8CA-B5F93142F400}.Debug|ARM.ActiveCfg = Debug|Any CPU
		{690FC18F-D1A6-4FA3-B8CA-B5F93142F400}.Debug|x86.ActiveCfg = Debug|Any CPU
		{690FC18F-D1A6-4FA3-B8CA-B5F93142F400}.Release|Any CPU.ActiveCfg = Release|Any CPU
		{690FC18F-D1A6-4FA3-B8CA-B5F93142F400}.Release|Any CPU.Build.0 = Release|Any CPU
		{690FC18F-D1A6-4FA3-B8CA-B5F93142F400}.Release|ARM.ActiveCfg = Release|Any CPU
		{690FC18F-D1A6-4FA3-B8CA-B5F93142F400}.Release|x86.ActiveCfg = Release|Any CPU
		{60E4BC24-DF60-4CA4-B898-9F32EE83BA00}.Debug|Any CPU.ActiveCfg = Debug|Any CPU
		{60E4BC24-DF60-4CA4-B898-9F32EE83BA00}.Debug|Any CPU.Build.0 = Debug|Any CPU
		{60E4BC24-DF60-4CA4-B898-9F32EE83BA00}.Debug|ARM.ActiveCfg = Debug|Any CPU
		{60E4BC24-DF60-4CA4-B898-9F32EE83BA00}.Debug|x86.ActiveCfg = Debug|Any CPU
		{60E4BC24-DF60-4CA4-B898-9F32EE83BA00}.Release|Any CPU.ActiveCfg = Release|Any CPU
		{60E4BC24-DF60-4CA4-B898-9F32EE83BA00}.Release|Any CPU.Build.0 = Release|Any CPU
		{60E4BC24-DF60-4CA4-B898-9F32EE83BA00}.Release|ARM.ActiveCfg = Release|Any CPU
		{60E4BC24-DF60-4CA4-B898-9F32EE83BA00}.Release|x86.ActiveCfg = Release|Any CPU
	EndGlobalSection
	GlobalSection(SolutionProperties) = preSolution
		HideSolutionNode = FALSE
	EndGlobalSection
	GlobalSection(NestedProjects) = preSolution
		{152D9FAB-D1FE-4175-9A58-542F2806932D} = {7B9B5B54-E575-42B3-AE62-B8D3FCB538A8}
		{3D8BA561-FEA8-402F-9CA0-AB753B58ED1E} = {7B9B5B54-E575-42B3-AE62-B8D3FCB538A8}
		{3ABDF182-B92E-4192-8F53-785668689CE2} = {7B9B5B54-E575-42B3-AE62-B8D3FCB538A8}
		{90989608-6214-4D7D-8875-76EAC15EBA4B} = {7B9B5B54-E575-42B3-AE62-B8D3FCB538A8}
		{E706726A-A6B2-42F1-8502-C0F3AC04B0D5} = {CFDC6D13-EA54-4D62-A64E-21CD9737F269}
		{A0966DE3-E5AE-440B-9DD8-3E55C72DA342} = {80BBB2DE-7F69-4634-A251-84A7660EF9FE}
		{82091DCD-47CE-4B21-8714-B84D81D39EE0} = {80BBB2DE-7F69-4634-A251-84A7660EF9FE}
		{1622AA75-1502-4487-8FE3-81174C8C44DB} = {80BBB2DE-7F69-4634-A251-84A7660EF9FE}
		{62646F94-014C-4609-B155-F23E35E98F7D} = {3D52E8BF-8A0A-4D23-8738-A027D5A3BD9B}
		{109FCFCB-7201-4681-B40D-C85AF99155A1} = {3D52E8BF-8A0A-4D23-8738-A027D5A3BD9B}
		{DF480FA8-3EB6-4CEB-A582-A3E1FF0B9BE1} = {3D52E8BF-8A0A-4D23-8738-A027D5A3BD9B}
		{C524615F-3CC0-4BF2-896C-AFC76CA724DE} = {7B9B5B54-E575-42B3-AE62-B8D3FCB538A8}
		{58983C59-43B7-4E96-8878-D5C180E42226} = {7B9B5B54-E575-42B3-AE62-B8D3FCB538A8}
		{CA409DDA-3535-4CDA-93B1-FBFD6FB77F36} = {CFDC6D13-EA54-4D62-A64E-21CD9737F269}
		{3BC240EC-DD87-4BAC-8A2A-A0D9A015C5E2} = {CFDC6D13-EA54-4D62-A64E-21CD9737F269}
		{690FC18F-D1A6-4FA3-B8CA-B5F93142F4AB} = {CFDC6D13-EA54-4D62-A64E-21CD9737F269}
		{60E4BC24-DF60-4CA4-B898-9F32EE83BADE} = {7B9B5B54-E575-42B3-AE62-B8D3FCB538A8}
		{690FC18F-D1A6-4FA3-B8CA-B5F93142F4AF} = {CFDC6D13-EA54-4D62-A64E-21CD9737F269}
		{60E4BC24-DF60-4CA4-B898-9F32EE83BADF} = {7B9B5B54-E575-42B3-AE62-B8D3FCB538A8}
		{690FC18F-D1A6-4FA3-B8CA-B5F93142F4A0} = {CFDC6D13-EA54-4D62-A64E-21CD9737F269}
		{60E4BC24-DF60-4CA4-B898-9F32EE83BAD0} = {7B9B5B54-E575-42B3-AE62-B8D3FCB538A8}
		{690FC18F-D1A6-4FA3-B8CA-B5F93142F400} = {CFDC6D13-EA54-4D62-A64E-21CD9737F269}
		{60E4BC24-DF60-4CA4-B898-9F32EE83BA00} = {7B9B5B54-E575-42B3-AE62-B8D3FCB538A8}
	EndGlobalSection
	GlobalSection(MonoDevelopProperties) = preSolution
		StartupItem = Samples\Basic\Samples.Basic.Android\Samples.Basic.Android.csproj
	EndGlobalSection
EndGlobal
